
Microsoft Visual Studio Solution File, Format Version 12.00
# Visual Studio Version 16
VisualStudioVersion = 16.0.29519.181
MinimumVisualStudioVersion = 10.0.40219.1
Project("{FAE04EC0-301F-11D3-BF4B-00C04F79EFBC}") = "WindowsForms", "WindowsForms\WindowsForms.csproj", "{F4A12D7D-6D0D-4390-9AA5-43AF8FE7E1A4}"
EndProject
Global
	GlobalSection(SolutionConfigurationPlatforms) = preSolution
		Debug|Any CPU = Debug|Any CPU
		Release|Any CPU = Release|Any CPU
	EndGlobalSection
	GlobalSection(ProjectConfigurationPlatforms) = postSolution
		{F4A12D7D-6D0D-4390-9AA5-43AF8FE7E1A4}.Debug|Any CPU.ActiveCfg = Debug|Any CPU
		{F4A12D7D-6D0D-4390-9AA5-43AF8FE7E1A4}.Debug|Any CPU.Build.0 = Debug|Any CPU
		{F4A12D7D-6D0D-4390-9AA5-43AF8FE7E1A4}.Release|Any CPU.ActiveCfg = Release|Any CPU
		{F4A12D7D-6D0D-4390-9AA5-43AF8FE7E1A4}.Release|Any CPU.Build.0 = Release|Any CPU
	EndGlobalSection
	GlobalSection(SolutionProperties) = preSolution
		HideSolutionNode = FALSE
	EndGlobalSection
	GlobalSection(ExtensibilityGlobals) = postSolution
		SolutionGuid = {C803FFF9-A835-4DF4-8568-3B913275BFE1}
	EndGlobalSection
EndGlobal
